{
  "requires": true,
  "lockfileVersion": 1,
  "dependencies": {
    "@syncfusion/ej2": {
      "version": "17.3.34",
      "resolved": "https://registry.npmjs.org/@syncfusion/ej2/-/ej2-17.3.34.tgz",
      "integrity": "sha512-rxoyudlk2XOSWhINDZI3MJUYDsLXAScd3jZ9sP7I9YDcmy6qud/vhTprAkLPO+6TnC/2WDRLdeQJXXyCEXEF6Q==",
      "requires": {
        "@syncfusion/ej2-barcode-generator": "~17.3.27",
        "@syncfusion/ej2-base": "~17.3.27",
        "@syncfusion/ej2-buttons": "~17.3.27",
        "@syncfusion/ej2-calendars": "~17.3.28",
        "@syncfusion/ej2-charts": "~17.3.34",
        "@syncfusion/ej2-circulargauge": "~17.3.27",
        "@syncfusion/ej2-compression": "~17.3.27",
        "@syncfusion/ej2-data": "~17.3.30",
        "@syncfusion/ej2-diagrams": "~17.3.34",
        "@syncfusion/ej2-documenteditor": "~17.3.29",
        "@syncfusion/ej2-drawings": "~17.3.27",
        "@syncfusion/ej2-dropdowns": "~17.3.34",
        "@syncfusion/ej2-excel-export": "~17.3.27",
        "@syncfusion/ej2-file-utils": "~17.3.27",
        "@syncfusion/ej2-filemanager": "~17.3.28",
        "@syncfusion/ej2-gantt": "~17.3.30",
        "@syncfusion/ej2-grids": "~17.3.34",
        "@syncfusion/ej2-heatmap": "~17.3.27",
        "@syncfusion/ej2-icons": "~17.3.27",
        "@syncfusion/ej2-inplace-editor": "~17.3.29",
        "@syncfusion/ej2-inputs": "~17.3.29",
        "@syncfusion/ej2-layouts": "~17.3.29",
        "@syncfusion/ej2-lineargauge": "~17.3.27",
        "@syncfusion/ej2-lists": "~17.3.27",
        "@syncfusion/ej2-maps": "~17.3.27",
        "@syncfusion/ej2-navigations": "~17.3.34",
        "@syncfusion/ej2-notifications": "~17.3.30",
        "@syncfusion/ej2-office-chart": "~17.3.27",
        "@syncfusion/ej2-pdf-export": "~17.3.27",
        "@syncfusion/ej2-pdfviewer": "~17.3.34",
        "@syncfusion/ej2-pivotview": "~17.3.29",
        "@syncfusion/ej2-popups": "~17.3.34",
        "@syncfusion/ej2-querybuilder": "~17.3.27",
        "@syncfusion/ej2-richtexteditor": "~17.3.29",
        "@syncfusion/ej2-schedule": "~17.3.28",
        "@syncfusion/ej2-splitbuttons": "~17.3.27",
        "@syncfusion/ej2-spreadsheet": "~17.3.29",
        "@syncfusion/ej2-svg-base": "~17.3.27",
        "@syncfusion/ej2-treegrid": "~17.3.29",
        "@syncfusion/ej2-treemap": "~17.3.27",
        "tslib": "^1.8.0"
      }
    },
    "@syncfusion/ej2-barcode-generator": {
      "version": "17.3.27",
      "resolved": "https://registry.npmjs.org/@syncfusion/ej2-barcode-generator/-/ej2-barcode-generator-17.3.27.tgz",
      "integrity": "sha512-4jt0g0r/X+R5uTo43/sJg5BUKR/NQlA9JrR6zuvAkdRs1LQo8zNvJzxflvj2EmhglFyIeWoWglFLislhMYhMZw==",
      "requires": {
        "@syncfusion/ej2-base": "~17.3.27",
        "@syncfusion/ej2-data": "~17.3.27"
      }
    },
    "@syncfusion/ej2-base": {
      "version": "17.3.27",
      "resolved": "https://registry.npmjs.org/@syncfusion/ej2-base/-/ej2-base-17.3.27.tgz",
      "integrity": "sha512-iJ1QzVQElGvDqk8CH99eKQGZIrZiIrXGrZIxJxhjcFHNcL9s0TK1YtDUQI5HBqpfL0IZmK5WtNlRuyt7L5FfyQ==",
      "requires": {
        "@syncfusion/ej2-icons": "~17.3.27"
      }
    },
    "@syncfusion/ej2-buttons": {
      "version": "17.3.27",
      "resolved": "https://registry.npmjs.org/@syncfusion/ej2-buttons/-/ej2-buttons-17.3.27.tgz",
      "integrity": "sha512-xfT85sZCzI88fdU3vUHI504nBkSUyFN7vJr2jO9EBRSo4CjjS4kjKc4ugkz8AT3VTTujJJxIczBHUF1erXbxRg==",
      "requires": {
        "@syncfusion/ej2-base": "~17.3.27"
      }
    },
    "@syncfusion/ej2-calendars": {
      "version": "17.3.28",
      "resolved": "https://registry.npmjs.org/@syncfusion/ej2-calendars/-/ej2-calendars-17.3.28.tgz",
      "integrity": "sha512-6WHpEMbFDJcWBpw2B70HubnY6zccsbQ0upU/SmM1b+4JPxcvsMZlEkKxQ96sVh5MgCWGLFCYSsbAawAEeB4tag==",
      "requires": {
        "@syncfusion/ej2-base": "~17.3.27",
        "@syncfusion/ej2-buttons": "~17.3.27",
        "@syncfusion/ej2-inputs": "~17.3.28",
        "@syncfusion/ej2-lists": "~17.3.27",
        "@syncfusion/ej2-popups": "~17.3.27"
      }
    },
    "@syncfusion/ej2-charts": {
      "version": "17.3.34",
      "resolved": "https://registry.npmjs.org/@syncfusion/ej2-charts/-/ej2-charts-17.3.34.tgz",
      "integrity": "sha512-0V7mIdghh7JMDH8RUYv3vvPTBDvmaHDI/t/mtJjdNbfgYFPR+j9RLyTg07SeumjsQzwekUkLGL1F9qbfSlhO3Q==",
      "requires": {
        "@syncfusion/ej2-base": "~17.3.27",
        "@syncfusion/ej2-calendars": "~17.3.28",
        "@syncfusion/ej2-compression": "~17.3.27",
        "@syncfusion/ej2-data": "~17.3.30",
        "@syncfusion/ej2-file-utils": "~17.3.27",
        "@syncfusion/ej2-navigations": "~17.3.34",
        "@syncfusion/ej2-pdf-export": "~17.3.27",
        "@syncfusion/ej2-svg-base": "~17.3.27"
      }
    },
    "@syncfusion/ej2-circulargauge": {
      "version": "17.3.27",
      "resolved": "https://registry.npmjs.org/@syncfusion/ej2-circulargauge/-/ej2-circulargauge-17.3.27.tgz",
      "integrity": "sha512-BHcHwsy0AuKpvZ98CccxrSAutMYN2JffBmazG+LCppr+M5hTh1Om2yOt7UIiRbxHB934PiCTMMzVM1TxTTaDPA==",
      "requires": {
        "@syncfusion/ej2-base": "~17.3.27",
        "@syncfusion/ej2-popups": "~17.3.27",
        "@syncfusion/ej2-svg-base": "~17.3.27"
      }
    },
    "@syncfusion/ej2-compression": {
      "version": "17.3.27",
      "resolved": "https://registry.npmjs.org/@syncfusion/ej2-compression/-/ej2-compression-17.3.27.tgz",
      "integrity": "sha512-l2NtfbTSyAyI8mW+ECWKNkPdXLSxrIsvrRJfhObWL+RW41wT9EXEKQAguYBKDmnORCruRhpQlySLb2eln2XVdg==",
      "requires": {
        "@syncfusion/ej2-file-utils": "~17.3.27"
      }
    },
    "@syncfusion/ej2-data": {
      "version": "17.3.30",
      "resolved": "https://registry.npmjs.org/@syncfusion/ej2-data/-/ej2-data-17.3.30.tgz",
      "integrity": "sha512-VysxKGGqKDNUmiJFOjj/XZw5CUz0swd6rnUYbmiQiS9UFUELWbcxxROlNf9AEF15Wo/UWQxUgM8xUFgFNddwUA==",
      "requires": {
        "@syncfusion/ej2-base": "~17.3.27"
      }
    },
    "@syncfusion/ej2-diagrams": {
      "version": "17.3.34",
      "resolved": "https://registry.npmjs.org/@syncfusion/ej2-diagrams/-/ej2-diagrams-17.3.34.tgz",
      "integrity": "sha512-cLmPxZ3bz5hFC20qthPR4LhDEhO/gy+m5wZvh7fob022zjEMelFELE1FS2oIDhY7LyBqv0bZrg60i8hXer3vvg==",
      "requires": {
        "@syncfusion/ej2-base": "~17.3.27",
        "@syncfusion/ej2-buttons": "~17.3.27",
        "@syncfusion/ej2-data": "~17.3.30",
        "@syncfusion/ej2-inputs": "~17.3.29",
        "@syncfusion/ej2-lists": "~17.3.27",
        "@syncfusion/ej2-navigations": "~17.3.34",
        "@syncfusion/ej2-popups": "~17.3.34"
      }
    },
    "@syncfusion/ej2-documenteditor": {
      "version": "17.3.29",
      "resolved": "https://registry.npmjs.org/@syncfusion/ej2-documenteditor/-/ej2-documenteditor-17.3.29.tgz",
      "integrity": "sha512-8KX3fHbXWEbDjP/+Vays3MSSTEFMhE7gmj8SmS3YK944gSunoJJBPVpx8yd3K16SGOqLRQQT5e+KmwuoweF9PA==",
      "requires": {
        "@syncfusion/ej2-base": "~17.3.27",
        "@syncfusion/ej2-buttons": "~17.3.27",
        "@syncfusion/ej2-compression": "~17.3.27",
        "@syncfusion/ej2-dropdowns": "~17.3.29",
        "@syncfusion/ej2-file-utils": "~17.3.27",
        "@syncfusion/ej2-inputs": "~17.3.29",
        "@syncfusion/ej2-navigations": "~17.3.27",
        "@syncfusion/ej2-office-chart": "~17.3.27",
        "@syncfusion/ej2-popups": "~17.3.29",
        "@syncfusion/ej2-splitbuttons": "~17.3.27"
      }
    },
    "@syncfusion/ej2-drawings": {
      "version": "17.3.27",
      "resolved": "https://registry.npmjs.org/@syncfusion/ej2-drawings/-/ej2-drawings-17.3.27.tgz",
      "integrity": "sha512-8cgW2wtbFBYVndRJ5AWtCFN7gDW396VXKPQk+pNf0uV9nvMxKGCmgBa0oAK7Xp4a2J33CgMbIe/wXptBbNkT4w==",
      "requires": {
        "@syncfusion/ej2-base": "~17.3.27",
        "@syncfusion/ej2-data": "~17.3.27"
      }
    },
    "@syncfusion/ej2-dropdowns": {
      "version": "17.3.34",
      "resolved": "https://registry.npmjs.org/@syncfusion/ej2-dropdowns/-/ej2-dropdowns-17.3.34.tgz",
      "integrity": "sha512-JZdKCVsKvYoCsnLIreYOm3bgXJLCFauGLn2OVIfbPaBTWtmgHKgEu+N5Xa0q6/pZqGTzdzeC4Gsjwy9wh7gOuA==",
      "requires": {
        "@syncfusion/ej2-base": "~17.3.27",
        "@syncfusion/ej2-data": "~17.3.30",
        "@syncfusion/ej2-inputs": "~17.3.29",
        "@syncfusion/ej2-lists": "~17.3.27",
        "@syncfusion/ej2-popups": "~17.3.34"
      }
    },
    "@syncfusion/ej2-excel-export": {
      "version": "17.3.27",
      "resolved": "https://registry.npmjs.org/@syncfusion/ej2-excel-export/-/ej2-excel-export-17.3.27.tgz",
      "integrity": "sha512-xxXn72j6jQTQHg58ruvsoutMPvB6Xs2pcVpW4zULJzvH6lQXamGcdVi69hq/pQVyk+PBg/ZZ0xZKjk/ErXcpRg==",
      "requires": {
        "@syncfusion/ej2-base": "~17.3.27",
        "@syncfusion/ej2-compression": "~17.3.27"
      }
    },
    "@syncfusion/ej2-file-utils": {
      "version": "17.3.27",
      "resolved": "https://registry.npmjs.org/@syncfusion/ej2-file-utils/-/ej2-file-utils-17.3.27.tgz",
      "integrity": "sha512-a9+euE8dbrgIUVVuGmI7ARP/7JS0uPqgwY02gmkxdGhTlmOwEMH0z3U/tskAkL1Gq3vhejCG1PEsq6jFz1ypew=="
    },
    "@syncfusion/ej2-filemanager": {
      "version": "17.3.28",
      "resolved": "https://registry.npmjs.org/@syncfusion/ej2-filemanager/-/ej2-filemanager-17.3.28.tgz",
      "integrity": "sha512-5uPWupFqyBahU1oVmbT0JzGHqMQzXNqGi+C1dLjFySEpKLYSTavnwa1ncITrk/y4Mk75ZzmYFwIZfRksSllM0w==",
      "requires": {
        "@syncfusion/ej2-grids": "~17.3.28",
        "@syncfusion/ej2-layouts": "~17.3.28",
        "selenium-webdriver": "^4.0.0-alpha.1"
      }
    },
    "@syncfusion/ej2-gantt": {
      "version": "17.3.30",
      "resolved": "https://registry.npmjs.org/@syncfusion/ej2-gantt/-/ej2-gantt-17.3.30.tgz",
      "integrity": "sha512-ASXuM/dQNR2bdwDchmuIeUQkrkuzqGHAxx/F2c9sTo+VoAibNHLs/O6S/+w4aPXG8km0dMj31wP1IS2R2/AWGA==",
      "requires": {
        "@syncfusion/ej2-base": "~17.3.27",
        "@syncfusion/ej2-buttons": "~17.3.27",
        "@syncfusion/ej2-calendars": "~17.3.28",
        "@syncfusion/ej2-data": "~17.3.30",
        "@syncfusion/ej2-dropdowns": "~17.3.30",
        "@syncfusion/ej2-grids": "~17.3.30",
        "@syncfusion/ej2-inputs": "~17.3.29",
        "@syncfusion/ej2-layouts": "~17.3.29",
        "@syncfusion/ej2-lists": "~17.3.27",
        "@syncfusion/ej2-navigations": "~17.3.27",
        "@syncfusion/ej2-popups": "~17.3.29",
        "@syncfusion/ej2-richtexteditor": "~17.3.29",
        "@syncfusion/ej2-treegrid": "~17.3.29"
      }
    },
    "@syncfusion/ej2-grids": {
      "version": "17.3.34",
      "resolved": "https://registry.npmjs.org/@syncfusion/ej2-grids/-/ej2-grids-17.3.34.tgz",
      "integrity": "sha512-RW86ov31r48nBpuQwiU62WPFZitcDi22VBOkPYtGbJT+L/IODQlSYGFggB1v+N+gkyJgFf/5JMzVgiaksh9lgg==",
      "requires": {
        "@syncfusion/ej2-base": "~17.3.27",
        "@syncfusion/ej2-buttons": "~17.3.27",
        "@syncfusion/ej2-calendars": "~17.3.28",
        "@syncfusion/ej2-compression": "~17.3.27",
        "@syncfusion/ej2-data": "~17.3.30",
        "@syncfusion/ej2-dropdowns": "~17.3.34",
        "@syncfusion/ej2-excel-export": "~17.3.27",
        "@syncfusion/ej2-file-utils": "~17.3.27",
        "@syncfusion/ej2-inputs": "~17.3.29",
        "@syncfusion/ej2-lists": "~17.3.27",
        "@syncfusion/ej2-navigations": "~17.3.34",
        "@syncfusion/ej2-pdf-export": "~17.3.27",
        "@syncfusion/ej2-popups": "~17.3.34",
        "@syncfusion/ej2-splitbuttons": "~17.3.27"
      }
    },
    "@syncfusion/ej2-heatmap": {
      "version": "17.3.27",
      "resolved": "https://registry.npmjs.org/@syncfusion/ej2-heatmap/-/ej2-heatmap-17.3.27.tgz",
      "integrity": "sha512-WlKOAwgFVzWzGtRPfs2Nw2MyqLp99EpXSCNZxoPmvH5lDlI0NxSssezH+A2FQpqSfIbOj+9g89x9+gxw7YqpAw==",
      "requires": {
        "@syncfusion/ej2-base": "~17.3.27",
        "@syncfusion/ej2-data": "~17.3.27",
        "@syncfusion/ej2-svg-base": "~17.3.27"
      }
    },
    "@syncfusion/ej2-icons": {
      "version": "17.3.27",
      "resolved": "https://registry.npmjs.org/@syncfusion/ej2-icons/-/ej2-icons-17.3.27.tgz",
      "integrity": "sha512-0MM+93IrtXCnyXybVLjyRdy8JSJ4diCC0gZagFc1VhBofhZqrpWlCLt3C0SUyfsSvuMyYZUisR41iwqRP84yIQ=="
    },
    "@syncfusion/ej2-inplace-editor": {
      "version": "17.3.29",
      "resolved": "https://registry.npmjs.org/@syncfusion/ej2-inplace-editor/-/ej2-inplace-editor-17.3.29.tgz",
      "integrity": "sha512-Vq87IvhHgbZtyBF3QBjSbtT1SiJxmTL5zC65frmd9OezODYZ8EPbIutWIipQ0ibNXC1wRYnVLxR6g5IyEDjDow==",
      "requires": {
        "@syncfusion/ej2-base": "~17.3.27",
        "@syncfusion/ej2-buttons": "~17.3.27",
        "@syncfusion/ej2-calendars": "~17.3.28",
        "@syncfusion/ej2-data": "~17.3.27",
        "@syncfusion/ej2-dropdowns": "~17.3.29",
        "@syncfusion/ej2-inputs": "~17.3.29",
        "@syncfusion/ej2-lists": "~17.3.27",
        "@syncfusion/ej2-navigations": "~17.3.27",
        "@syncfusion/ej2-popups": "~17.3.29",
        "@syncfusion/ej2-richtexteditor": "~17.3.29",
        "@syncfusion/ej2-splitbuttons": "~17.3.27"
      }
    },
    "@syncfusion/ej2-inputs": {
      "version": "17.3.29",
      "resolved": "https://registry.npmjs.org/@syncfusion/ej2-inputs/-/ej2-inputs-17.3.29.tgz",
      "integrity": "sha512-zr2eRnhZ7t54I+dcORsFhjv2lyFfkxk1RRl4cUkNGeyera8hBDbVNERMNgIDgOH31SLHhtwQacZ3NOXCVfj2GQ==",
      "requires": {
        "@syncfusion/ej2-base": "~17.3.27",
        "@syncfusion/ej2-buttons": "~17.3.27",
        "@syncfusion/ej2-popups": "~17.3.29",
        "@syncfusion/ej2-splitbuttons": "~17.3.27"
      }
    },
    "@syncfusion/ej2-layouts": {
      "version": "17.3.29",
      "resolved": "https://registry.npmjs.org/@syncfusion/ej2-layouts/-/ej2-layouts-17.3.29.tgz",
      "integrity": "sha512-lhlHS+u2cotPBwlA5n3ivPO5Yr+slnrotwVgNk2k0RuK4qVJLQYxaYb77zBa12nQEVcDtraeaMW5PlpJ/dLx1Q==",
      "requires": {
        "@syncfusion/ej2-base": "~17.3.27"
      }
    },
    "@syncfusion/ej2-lineargauge": {
      "version": "17.3.27",
      "resolved": "https://registry.npmjs.org/@syncfusion/ej2-lineargauge/-/ej2-lineargauge-17.3.27.tgz",
      "integrity": "sha512-NEWMGiYttTg7sySk1wM8S6UxUYFc0vua3KX6Z8u8HNk+hgP4j9zTnCLPx+EIqY23Y7r5+wYxxuBOK7wqikOHfA==",
      "requires": {
        "@syncfusion/ej2-base": "~17.3.27",
        "@syncfusion/ej2-popups": "~17.3.27",
        "@syncfusion/ej2-svg-base": "~17.3.27"
      }
    },
    "@syncfusion/ej2-lists": {
      "version": "17.3.27",
      "resolved": "https://registry.npmjs.org/@syncfusion/ej2-lists/-/ej2-lists-17.3.27.tgz",
      "integrity": "sha512-WuApIU/5q5v39HCrmNRsXS++mCOPyef5L/jVWd0TipFjBLaWsY1HYzJkfsaT9xTQLjUdTx4grvHe3KOf38NlEQ==",
      "requires": {
        "@syncfusion/ej2-base": "~17.3.27",
        "@syncfusion/ej2-buttons": "~17.3.27",
        "@syncfusion/ej2-data": "~17.3.27"
      }
    },
    "@syncfusion/ej2-maps": {
      "version": "17.3.27",
      "resolved": "https://registry.npmjs.org/@syncfusion/ej2-maps/-/ej2-maps-17.3.27.tgz",
      "integrity": "sha512-k2CuGKjtSMzSiJY9/Bab927dXy/NLDHzGj0iRLwJzF4MddnmeAnF1zCzYeLPPPG9YhFAq2j1b0ej8BXlWVpD6g==",
      "requires": {
        "@syncfusion/ej2-base": "~17.3.27",
        "@syncfusion/ej2-compression": "~17.3.27",
        "@syncfusion/ej2-data": "~17.3.27",
        "@syncfusion/ej2-file-utils": "~17.3.27",
        "@syncfusion/ej2-pdf-export": "~17.3.27",
        "@syncfusion/ej2-popups": "~17.3.27",
        "@syncfusion/ej2-svg-base": "~17.3.27"
      }
    },
    "@syncfusion/ej2-navigations": {
      "version": "17.3.34",
      "resolved": "https://registry.npmjs.org/@syncfusion/ej2-navigations/-/ej2-navigations-17.3.34.tgz",
      "integrity": "sha512-UuMTXekK05HXnoM2aQS2rcETJB/GpgCic9fQgx46l0N57pu3pDKAgkF14Tanl81qDTqN3H8wYriNxUkI0pNrww==",
      "requires": {
        "@syncfusion/ej2-base": "~17.3.27",
        "@syncfusion/ej2-buttons": "~17.3.27",
        "@syncfusion/ej2-data": "~17.3.30",
        "@syncfusion/ej2-inputs": "~17.3.29",
        "@syncfusion/ej2-lists": "~17.3.27",
        "@syncfusion/ej2-popups": "~17.3.34"
      }
    },
    "@syncfusion/ej2-notifications": {
      "version": "17.3.30",
      "resolved": "https://registry.npmjs.org/@syncfusion/ej2-notifications/-/ej2-notifications-17.3.30.tgz",
      "integrity": "sha512-vjxS+sZF9787XAOqzWXH7HVoNeJAOuLNtI+4i55hnpHjGgGwCDNQxRuoNyoL843sHdj49VONZCfKEPNA06a4Fg==",
      "requires": {
        "@syncfusion/ej2-base": "~17.3.27",
        "@syncfusion/ej2-buttons": "~17.3.27",
        "@syncfusion/ej2-popups": "~17.3.29"
      }
    },
    "@syncfusion/ej2-office-chart": {
      "version": "17.3.27",
      "resolved": "https://registry.npmjs.org/@syncfusion/ej2-office-chart/-/ej2-office-chart-17.3.27.tgz",
      "integrity": "sha512-mseZPcOzLkpctT8m9/4+KTukp0EfgmcIqDnKrLFAZnYEbQiwgX1wa9xGcBg1A3IbhgRmYCCPKcQYvduIq2xGCQ==",
      "requires": {
        "@syncfusion/ej2-charts": "~17.3.27"
      }
    },
    "@syncfusion/ej2-pdf-export": {
      "version": "17.3.27",
      "resolved": "https://registry.npmjs.org/@syncfusion/ej2-pdf-export/-/ej2-pdf-export-17.3.27.tgz",
      "integrity": "sha512-YVoEp0SRVRCVz9cVBAwx/bePt300xqJDvicG6oWyAlzHI8YZaRfduxBgLgcNe+dTmASMdjh1q5Fjyazc8FuJ1Q==",
      "requires": {
        "@syncfusion/ej2-compression": "~17.3.27"
      }
    },
    "@syncfusion/ej2-pdfviewer": {
      "version": "17.3.34",
      "resolved": "https://registry.npmjs.org/@syncfusion/ej2-pdfviewer/-/ej2-pdfviewer-17.3.34.tgz",
      "integrity": "sha512-5tiqu4llqbi9XKGZFnsjcs/biThr+P5AFb/2ZlWk9lHF5AeQsBmDBIZPMde7EAx8FxYeinn9pu6Hr6SdRKihfw==",
      "requires": {
        "@syncfusion/ej2-base": "~17.3.27",
        "@syncfusion/ej2-buttons": "~17.3.27",
        "@syncfusion/ej2-calendars": "~17.3.28",
        "@syncfusion/ej2-data": "~17.3.30",
        "@syncfusion/ej2-drawings": "~17.3.27",
        "@syncfusion/ej2-dropdowns": "~17.3.34",
        "@syncfusion/ej2-inplace-editor": "~17.3.29",
        "@syncfusion/ej2-inputs": "~17.3.29",
        "@syncfusion/ej2-lists": "~17.3.27",
        "@syncfusion/ej2-navigations": "~17.3.34",
        "@syncfusion/ej2-notifications": "~17.3.30",
        "@syncfusion/ej2-popups": "~17.3.34",
        "@syncfusion/ej2-richtexteditor": "~17.3.29"
      }
    },
    "@syncfusion/ej2-pivotview": {
      "version": "17.3.29",
      "resolved": "https://registry.npmjs.org/@syncfusion/ej2-pivotview/-/ej2-pivotview-17.3.29.tgz",
      "integrity": "sha512-Ug9GOvs+UaeRHFyG5803Wp4fuvRFDYdvPUiMwN9tC79ptkL/oY2Ors3Qn7xqC1hJDvdpx4EmbR87fWhbfb3F3A==",
      "requires": {
        "@syncfusion/ej2-base": "~17.3.27",
        "@syncfusion/ej2-buttons": "~17.3.27",
        "@syncfusion/ej2-calendars": "~17.3.28",
        "@syncfusion/ej2-charts": "~17.3.28",
        "@syncfusion/ej2-compression": "~17.3.27",
        "@syncfusion/ej2-data": "~17.3.27",
        "@syncfusion/ej2-dropdowns": "~17.3.29",
        "@syncfusion/ej2-excel-export": "~17.3.27",
        "@syncfusion/ej2-file-utils": "~17.3.27",
        "@syncfusion/ej2-grids": "~17.3.29",
        "@syncfusion/ej2-inputs": "~17.3.29",
        "@syncfusion/ej2-lists": "~17.3.27",
        "@syncfusion/ej2-navigations": "~17.3.27",
        "@syncfusion/ej2-pdf-export": "~17.3.27",
        "@syncfusion/ej2-popups": "~17.3.29",
        "@syncfusion/ej2-svg-base": "~17.3.27"
      }
    },
    "@syncfusion/ej2-popups": {
      "version": "17.3.34",
      "resolved": "https://registry.npmjs.org/@syncfusion/ej2-popups/-/ej2-popups-17.3.34.tgz",
      "integrity": "sha512-z40wAl2Wj0oXEZ0zoDRCfQv0KTdvqxhG7lDRsAqIRWSg35JlfjkDsZ45MJQOkKHIIalt8cB20lSQ5Mxn4dgEZw==",
      "requires": {
        "@syncfusion/ej2-base": "~17.3.27",
        "@syncfusion/ej2-buttons": "~17.3.27"
      }
    },
    "@syncfusion/ej2-querybuilder": {
      "version": "17.3.27",
      "resolved": "https://registry.npmjs.org/@syncfusion/ej2-querybuilder/-/ej2-querybuilder-17.3.27.tgz",
      "integrity": "sha512-huMo+v9Q3p193OrUmiQtH498mC1QxO/E6PUvYO5fuDBiQKdqel+05T8EyvAJ/G/JmVqNu4fq41psjWIPiQf4BQ==",
      "requires": {
        "@syncfusion/ej2-base": "~17.3.27",
        "@syncfusion/ej2-buttons": "~17.3.27",
        "@syncfusion/ej2-calendars": "~17.3.27",
        "@syncfusion/ej2-dropdowns": "~17.3.27",
        "@syncfusion/ej2-inputs": "~17.3.27",
        "@syncfusion/ej2-splitbuttons": "~17.3.27"
      }
    },
    "@syncfusion/ej2-richtexteditor": {
      "version": "17.3.29",
      "resolved": "https://registry.npmjs.org/@syncfusion/ej2-richtexteditor/-/ej2-richtexteditor-17.3.29.tgz",
      "integrity": "sha512-3MK+YgMKhePO0pF4oWh6lIAwUFTfsHLis2ZDgISl6NX1cH+9CY53jtyWVsfZI4hunxBUk65pAPms1Y9dr2BFWg==",
      "requires": {
        "@syncfusion/ej2-base": "~17.3.27",
        "@syncfusion/ej2-buttons": "~17.3.27",
        "@syncfusion/ej2-inputs": "~17.3.29",
        "@syncfusion/ej2-navigations": "~17.3.27",
        "@syncfusion/ej2-popups": "~17.3.29",
        "@syncfusion/ej2-splitbuttons": "~17.3.27"
      }
    },
    "@syncfusion/ej2-schedule": {
      "version": "17.3.28",
      "resolved": "https://registry.npmjs.org/@syncfusion/ej2-schedule/-/ej2-schedule-17.3.28.tgz",
      "integrity": "sha512-wGAoKQR8IKkScer7t3XbHwycSSac6JaJclawjwdFobVx4oDRqarXjqi2Ep097duuMze4dgwBsMIqXfHlwvaRxw==",
      "requires": {
        "@syncfusion/ej2-base": "~17.3.27",
        "@syncfusion/ej2-buttons": "~17.3.27",
        "@syncfusion/ej2-calendars": "~17.3.28",
        "@syncfusion/ej2-data": "~17.3.27",
        "@syncfusion/ej2-dropdowns": "~17.3.28",
        "@syncfusion/ej2-excel-export": "~17.3.27",
        "@syncfusion/ej2-inputs": "~17.3.28",
        "@syncfusion/ej2-lists": "~17.3.27",
        "@syncfusion/ej2-navigations": "~17.3.27",
        "@syncfusion/ej2-popups": "~17.3.27"
      }
    },
    "@syncfusion/ej2-splitbuttons": {
      "version": "17.3.27",
      "resolved": "https://registry.npmjs.org/@syncfusion/ej2-splitbuttons/-/ej2-splitbuttons-17.3.27.tgz",
      "integrity": "sha512-4e9WDyiHLT6S4Jnsv3yFJgSqm0TUe8pCNEYFSV5wmFk20RE4qov4cDTEyNSngK7IFhNdmdfRwjYGpwnOOQzRVQ==",
      "requires": {
        "@syncfusion/ej2-base": "~17.3.27",
        "@syncfusion/ej2-popups": "~17.3.27"
      }
    },
    "@syncfusion/ej2-spreadsheet": {
      "version": "17.3.29",
      "resolved": "https://registry.npmjs.org/@syncfusion/ej2-spreadsheet/-/ej2-spreadsheet-17.3.29.tgz",
      "integrity": "sha512-4EpMdNlCeKmLf1Ay8MtHVH4f2v5kObByIQ4nyWR6NfbByXL7CnbwfWkOhKUbtFjeaWEXAJHxSB/4i0RXE49zZQ==",
      "requires": {
        "@syncfusion/ej2-base": "~17.3.27",
        "@syncfusion/ej2-dropdowns": "~17.3.29",
        "@syncfusion/ej2-navigations": "~17.3.27"
      }
    },
    "@syncfusion/ej2-svg-base": {
      "version": "17.3.27",
      "resolved": "https://registry.npmjs.org/@syncfusion/ej2-svg-base/-/ej2-svg-base-17.3.27.tgz",
      "integrity": "sha512-M6bfeswQvrtUOCxn78wzbwElZGqpMeeXZsRRctGRaNyLL2ymqwkoJpbRKGqtqyqX/jwDw50JMygDFlaQPFAtLw==",
      "requires": {
        "@syncfusion/ej2-base": "~17.3.27"
      }
    },
    "@syncfusion/ej2-treegrid": {
      "version": "17.3.29",
      "resolved": "https://registry.npmjs.org/@syncfusion/ej2-treegrid/-/ej2-treegrid-17.3.29.tgz",
      "integrity": "sha512-mcrhO+lUiqnRjujNZyjdb4og04ck9i5xTMIFMB3iIbaigb4KTI9eNmlBuDoKRRUXMMz4t/NyAknBlVlJOvszGQ==",
      "requires": {
        "@syncfusion/ej2-base": "~17.3.27",
        "@syncfusion/ej2-data": "~17.3.27",
        "@syncfusion/ej2-grids": "~17.3.29",
        "@syncfusion/ej2-popups": "~17.3.29"
      }
    },
    "@syncfusion/ej2-treemap": {
      "version": "17.3.27",
      "resolved": "https://registry.npmjs.org/@syncfusion/ej2-treemap/-/ej2-treemap-17.3.27.tgz",
      "integrity": "sha512-YAUbjENdnF/U4mEJfaw59PBWP1dznjpnAMM0lII2Gx0uN6PO0BirR7B48pDT72a4s+lU28YhKbCTvZsHGXtDGA==",
      "requires": {
        "@syncfusion/ej2-base": "~17.3.27",
        "@syncfusion/ej2-compression": "~17.3.27",
        "@syncfusion/ej2-data": "~17.3.27",
        "@syncfusion/ej2-file-utils": "~17.3.27",
        "@syncfusion/ej2-pdf-export": "~17.3.27",
        "@syncfusion/ej2-svg-base": "~17.3.27"
      }
    },
    "balanced-match": {
      "version": "1.0.0",
      "resolved": "https://registry.npmjs.org/balanced-match/-/balanced-match-1.0.0.tgz",
      "integrity": "sha1-ibTRmasr7kneFk6gK4nORi1xt2c="
    },
    "brace-expansion": {
      "version": "1.1.11",
      "resolved": "https://registry.npmjs.org/brace-expansion/-/brace-expansion-1.1.11.tgz",
      "integrity": "sha512-iCuPHDFgrHX7H2vEI/5xpz07zSHB00TpugqhmYtVmMO6518mCuRMoOYFldEBl0g187ufozdaHgWKcYFb61qGiA==",
      "requires": {
        "balanced-match": "^1.0.0",
        "concat-map": "0.0.1"
      }
    },
    "concat-map": {
      "version": "0.0.1",
      "resolved": "https://registry.npmjs.org/concat-map/-/concat-map-0.0.1.tgz",
      "integrity": "sha1-2Klr13/Wjfd5OnMDajug1UBdR3s="
    },
    "core-util-is": {
      "version": "1.0.2",
      "resolved": "https://registry.npmjs.org/core-util-is/-/core-util-is-1.0.2.tgz",
      "integrity": "sha1-tf1UIgqivFq1eqtxQMlAdUUDwac="
    },
    "define-properties": {
      "version": "1.1.3",
      "resolved": "https://registry.npmjs.org/define-properties/-/define-properties-1.1.3.tgz",
      "integrity": "sha512-3MqfYKj2lLzdMSf8ZIZE/V+Zuy+BgD6f164e8K2w7dgnpKArBDerGYpM46IYYcjnkdPNMjPk9A6VFB8+3SKlXQ==",
      "requires": {
        "object-keys": "^1.0.12"
      }
    },
    "es-abstract": {
      "version": "1.17.0-next.1",
      "resolved": "https://registry.npmjs.org/es-abstract/-/es-abstract-1.17.0-next.1.tgz",
      "integrity": "sha512-7MmGr03N7Rnuid6+wyhD9sHNE2n4tFSwExnU2lQl3lIo2ShXWGePY80zYaoMOmILWv57H0amMjZGHNzzGG70Rw==",
      "requires": {
        "es-to-primitive": "^1.2.1",
        "function-bind": "^1.1.1",
        "has": "^1.0.3",
        "has-symbols": "^1.0.1",
        "is-callable": "^1.1.4",
        "is-regex": "^1.0.4",
        "object-inspect": "^1.7.0",
        "object-keys": "^1.1.1",
        "object.assign": "^4.1.0",
        "string.prototype.trimleft": "^2.1.0",
        "string.prototype.trimright": "^2.1.0"
      }
    },
    "es-to-primitive": {
      "version": "1.2.1",
      "resolved": "https://registry.npmjs.org/es-to-primitive/-/es-to-primitive-1.2.1.tgz",
      "integrity": "sha512-QCOllgZJtaUo9miYBcLChTUaHNjJF3PYs1VidD7AwiEj1kYxKeQTctLAezAOH5ZKRH0g2IgPn6KwB4IT8iRpvA==",
      "requires": {
        "is-callable": "^1.1.4",
        "is-date-object": "^1.0.1",
        "is-symbol": "^1.0.2"
      }
    },
    "fs.realpath": {
      "version": "1.0.0",
      "resolved": "https://registry.npmjs.org/fs.realpath/-/fs.realpath-1.0.0.tgz",
      "integrity": "sha1-FQStJSMVjKpA20onh8sBQRmU6k8="
    },
    "function-bind": {
      "version": "1.1.1",
      "resolved": "https://registry.npmjs.org/function-bind/-/function-bind-1.1.1.tgz",
      "integrity": "sha512-yIovAzMX49sF8Yl58fSCWJ5svSLuaibPxXQJFLmBObTuCr0Mf1KiPopGM9NiFjiYBCbfaa2Fh6breQ6ANVTI0A=="
    },
    "glob": {
      "version": "7.1.6",
      "resolved": "https://registry.npmjs.org/glob/-/glob-7.1.6.tgz",
      "integrity": "sha512-LwaxwyZ72Lk7vZINtNNrywX0ZuLyStrdDtabefZKAY5ZGJhVtgdznluResxNmPitE0SAO+O26sWTHeKSI2wMBA==",
      "requires": {
        "fs.realpath": "^1.0.0",
        "inflight": "^1.0.4",
        "inherits": "2",
        "minimatch": "^3.0.4",
        "once": "^1.3.0",
        "path-is-absolute": "^1.0.0"
      }
    },
    "has": {
      "version": "1.0.3",
      "resolved": "https://registry.npmjs.org/has/-/has-1.0.3.tgz",
      "integrity": "sha512-f2dvO0VU6Oej7RkWJGrehjbzMAjFp5/VKPp5tTpWIV4JHHZK1/BxbFRtf/siA2SWTe09caDmVtYYzWEIbBS4zw==",
      "requires": {
        "function-bind": "^1.1.1"
      }
    },
    "has-symbols": {
      "version": "1.0.1",
      "resolved": "https://registry.npmjs.org/has-symbols/-/has-symbols-1.0.1.tgz",
      "integrity": "sha512-PLcsoqu++dmEIZB+6totNFKq/7Do+Z0u4oT0zKOJNl3lYK6vGwwu2hjHs+68OEZbTjiUE9bgOABXbP/GvrS0Kg=="
    },
    "immediate": {
      "version": "3.0.6",
      "resolved": "https://registry.npmjs.org/immediate/-/immediate-3.0.6.tgz",
      "integrity": "sha1-nbHb0Pr43m++D13V5Wu2BigN5ps="
    },
    "inflight": {
      "version": "1.0.6",
      "resolved": "https://registry.npmjs.org/inflight/-/inflight-1.0.6.tgz",
      "integrity": "sha1-Sb1jMdfQLQwJvJEKEHW6gWW1bfk=",
      "requires": {
        "once": "^1.3.0",
        "wrappy": "1"
      }
    },
    "inherits": {
      "version": "2.0.4",
      "resolved": "https://registry.npmjs.org/inherits/-/inherits-2.0.4.tgz",
      "integrity": "sha512-k/vGaX4/Yla3WzyMCvTQOXYeIHvqOKtnqBduzTHpzpQZzAskKMhZ2K+EnBiSM9zGSoIFeMpXKxa4dYeZIQqewQ=="
    },
    "is-callable": {
      "version": "1.1.4",
      "resolved": "https://registry.npmjs.org/is-callable/-/is-callable-1.1.4.tgz",
      "integrity": "sha512-r5p9sxJjYnArLjObpjA4xu5EKI3CuKHkJXMhT7kwbpUyIFD1n5PMAsoPvWnvtZiNz7LjkYDRZhd7FlI0eMijEA=="
    },
    "is-date-object": {
      "version": "1.0.1",
      "resolved": "https://registry.npmjs.org/is-date-object/-/is-date-object-1.0.1.tgz",
      "integrity": "sha1-mqIOtq7rv/d/vTPnTKAbM1gdOhY="
    },
    "is-regex": {
      "version": "1.0.4",
      "resolved": "https://registry.npmjs.org/is-regex/-/is-regex-1.0.4.tgz",
      "integrity": "sha1-VRdIm1RwkbCTDglWVM7SXul+lJE=",
      "requires": {
        "has": "^1.0.1"
      }
    },
    "is-symbol": {
      "version": "1.0.3",
      "resolved": "https://registry.npmjs.org/is-symbol/-/is-symbol-1.0.3.tgz",
      "integrity": "sha512-OwijhaRSgqvhm/0ZdAcXNZt9lYdKFpcRDT5ULUuYXPoT794UNOdU+gpT6Rzo7b4V2HUl/op6GqY894AZwv9faQ==",
      "requires": {
        "has-symbols": "^1.0.1"
      }
    },
    "isarray": {
      "version": "1.0.0",
      "resolved": "https://registry.npmjs.org/isarray/-/isarray-1.0.0.tgz",
      "integrity": "sha1-u5NdSFgsuhaMBoNJV6VKPgcSTxE="
    },
    "jszip": {
      "version": "3.2.2",
      "resolved": "https://registry.npmjs.org/jszip/-/jszip-3.2.2.tgz",
      "integrity": "sha512-NmKajvAFQpbg3taXQXr/ccS2wcucR1AZ+NtyWp2Nq7HHVsXhcJFR8p0Baf32C2yVvBylFWVeKf+WI2AnvlPhpA==",
      "requires": {
        "lie": "~3.3.0",
        "pako": "~1.0.2",
        "readable-stream": "~2.3.6",
        "set-immediate-shim": "~1.0.1"
      }
    },
    "lie": {
      "version": "3.3.0",
      "resolved": "https://registry.npmjs.org/lie/-/lie-3.3.0.tgz",
      "integrity": "sha512-UaiMJzeWRlEujzAuw5LokY1L5ecNQYZKfmyZ9L7wDHb/p5etKaxXhohBcrw0EYby+G/NA52vRSN4N39dxHAIwQ==",
      "requires": {
        "immediate": "~3.0.5"
      }
    },
    "minimatch": {
      "version": "3.0.4",
      "resolved": "https://registry.npmjs.org/minimatch/-/minimatch-3.0.4.tgz",
      "integrity": "sha512-yJHVQEhyqPLUTgt9B83PXu6W3rx4MvvHvSUvToogpwoGDOUQ+yDrR0HRot+yOCdCO7u4hX3pWft6kWBBcqh0UA==",
      "requires": {
        "brace-expansion": "^1.1.7"
      }
    },
    "object-inspect": {
      "version": "1.7.0",
      "resolved": "https://registry.npmjs.org/object-inspect/-/object-inspect-1.7.0.tgz",
      "integrity": "sha512-a7pEHdh1xKIAgTySUGgLMx/xwDZskN1Ud6egYYN3EdRW4ZMPNEDUTF+hwy2LUC+Bl+SyLXANnwz/jyh/qutKUw=="
    },
    "object-keys": {
      "version": "1.1.1",
      "resolved": "https://registry.npmjs.org/object-keys/-/object-keys-1.1.1.tgz",
      "integrity": "sha512-NuAESUOUMrlIXOfHKzD6bpPu3tYt3xvjNdRIQ+FeT0lNb4K8WR70CaDxhuNguS2XG+GjkyMwOzsN5ZktImfhLA=="
    },
    "object.assign": {
      "version": "4.1.0",
      "resolved": "https://registry.npmjs.org/object.assign/-/object.assign-4.1.0.tgz",
      "integrity": "sha512-exHJeq6kBKj58mqGyTQ9DFvrZC/eR6OwxzoM9YRoGBqrXYonaFyGiFMuc9VZrXf7DarreEwMpurG3dd+CNyW5w==",
      "requires": {
        "define-properties": "^1.1.2",
        "function-bind": "^1.1.1",
        "has-symbols": "^1.0.0",
        "object-keys": "^1.0.11"
      }
    },
    "object.getownpropertydescriptors": {
      "version": "2.1.0",
      "resolved": "https://registry.npmjs.org/object.getownpropertydescriptors/-/object.getownpropertydescriptors-2.1.0.tgz",
      "integrity": "sha512-Z53Oah9A3TdLoblT7VKJaTDdXdT+lQO+cNpKVnya5JDe9uLvzu1YyY1yFDFrcxrlRgWrEFH0jJtD/IbuwjcEVg==",
      "requires": {
        "define-properties": "^1.1.3",
        "es-abstract": "^1.17.0-next.1"
      }
    },
    "once": {
      "version": "1.4.0",
      "resolved": "https://registry.npmjs.org/once/-/once-1.4.0.tgz",
      "integrity": "sha1-WDsap3WWHUsROsF9nFC6753Xa9E=",
      "requires": {
        "wrappy": "1"
      }
    },
    "os-tmpdir": {
      "version": "1.0.2",
      "resolved": "https://registry.npmjs.org/os-tmpdir/-/os-tmpdir-1.0.2.tgz",
      "integrity": "sha1-u+Z0BseaqFxc/sdm/lc0VV36EnQ="
    },
    "pako": {
      "version": "1.0.10",
      "resolved": "https://registry.npmjs.org/pako/-/pako-1.0.10.tgz",
      "integrity": "sha512-0DTvPVU3ed8+HNXOu5Bs+o//Mbdj9VNQMUOe9oKCwh8l0GNwpTDMKCWbRjgtD291AWnkAgkqA/LOnQS8AmS1tw=="
    },
    "path-is-absolute": {
      "version": "1.0.1",
      "resolved": "https://registry.npmjs.org/path-is-absolute/-/path-is-absolute-1.0.1.tgz",
      "integrity": "sha1-F0uSaHNVNP+8es5r9TpanhtcX18="
    },
    "process-nextick-args": {
      "version": "2.0.1",
      "resolved": "https://registry.npmjs.org/process-nextick-args/-/process-nextick-args-2.0.1.tgz",
      "integrity": "sha512-3ouUOpQhtgrbOa17J7+uxOTpITYWaGP7/AhoR3+A+/1e9skrzelGi/dXzEYyvbxubEF6Wn2ypscTKiKJFFn1ag=="
    },
    "readable-stream": {
      "version": "2.3.6",
      "resolved": "https://registry.npmjs.org/readable-stream/-/readable-stream-2.3.6.tgz",
      "integrity": "sha512-tQtKA9WIAhBF3+VLAseyMqZeBjW0AHJoxOtYqSUZNJxauErmLbVm2FW1y+J/YA9dUrAC39ITejlZWhVIwawkKw==",
      "requires": {
        "core-util-is": "~1.0.0",
        "inherits": "~2.0.3",
        "isarray": "~1.0.0",
        "process-nextick-args": "~2.0.0",
        "safe-buffer": "~5.1.1",
        "string_decoder": "~1.1.1",
        "util-deprecate": "~1.0.1"
      }
    },
    "rimraf": {
      "version": "2.7.1",
      "resolved": "https://registry.npmjs.org/rimraf/-/rimraf-2.7.1.tgz",
      "integrity": "sha512-uWjbaKIK3T1OSVptzX7Nl6PvQ3qAGtKEtVRjRuazjfL3Bx5eI409VZSqgND+4UNnmzLVdPj9FqFJNPqBZFve4w==",
      "requires": {
        "glob": "^7.1.3"
      }
    },
    "safe-buffer": {
      "version": "5.1.2",
      "resolved": "https://registry.npmjs.org/safe-buffer/-/safe-buffer-5.1.2.tgz",
      "integrity": "sha512-Gd2UZBJDkXlY7GbJxfsE8/nvKkUEU1G38c1siN6QP6a9PT9MmHB8GnpscSmMJSoF8LOIrt8ud/wPtojys4G6+g=="
    },
    "sax": {
      "version": "1.2.4",
      "resolved": "https://registry.npmjs.org/sax/-/sax-1.2.4.tgz",
      "integrity": "sha512-NqVDv9TpANUjFm0N8uM5GxL36UgKi9/atZw+x7YFnQ8ckwFGKrl4xX4yWtrey3UJm5nP1kUbnYgLopqWNSRhWw=="
    },
    "selenium-webdriver": {
      "version": "4.0.0-alpha.5",
      "resolved": "https://registry.npmjs.org/selenium-webdriver/-/selenium-webdriver-4.0.0-alpha.5.tgz",
      "integrity": "sha512-hktl3DSrhzM59yLhWzDGHIX9o56DvA+cVK7Dw6FcJR6qQ4CGzkaHeXQPcdrslkWMTeq0Ci9AmCxq0EMOvm2Rkg==",
      "requires": {
        "jszip": "^3.1.5",
        "rimraf": "^2.6.3",
        "tmp": "0.0.30",
        "xml2js": "^0.4.19"
      }
    },
    "set-immediate-shim": {
      "version": "1.0.1",
      "resolved": "https://registry.npmjs.org/set-immediate-shim/-/set-immediate-shim-1.0.1.tgz",
      "integrity": "sha1-SysbJ+uAip+NzEgaWOXlb1mfP2E="
    },
    "string.prototype.trimleft": {
      "version": "2.1.0",
      "resolved": "https://registry.npmjs.org/string.prototype.trimleft/-/string.prototype.trimleft-2.1.0.tgz",
      "integrity": "sha512-FJ6b7EgdKxxbDxc79cOlok6Afd++TTs5szo+zJTUyow3ycrRfJVE2pq3vcN53XexvKZu/DJMDfeI/qMiZTrjTw==",
      "requires": {
        "define-properties": "^1.1.3",
        "function-bind": "^1.1.1"
      }
    },
    "string.prototype.trimright": {
      "version": "2.1.0",
      "resolved": "https://registry.npmjs.org/string.prototype.trimright/-/string.prototype.trimright-2.1.0.tgz",
      "integrity": "sha512-fXZTSV55dNBwv16uw+hh5jkghxSnc5oHq+5K/gXgizHwAvMetdAJlHqqoFC1FSDVPYWLkAKl2cxpUT41sV7nSg==",
      "requires": {
        "define-properties": "^1.1.3",
        "function-bind": "^1.1.1"
      }
    },
    "string_decoder": {
      "version": "1.1.1",
      "resolved": "https://registry.npmjs.org/string_decoder/-/string_decoder-1.1.1.tgz",
      "integrity": "sha512-n/ShnvDi6FHbbVfviro+WojiFzv+s8MPMHBczVePfUpDJLwoLT0ht1l4YwBCbi8pJAveEEdnkHyPyTP/mzRfwg==",
      "requires": {
        "safe-buffer": "~5.1.0"
      }
    },
    "tmp": {
      "version": "0.0.30",
      "resolved": "https://registry.npmjs.org/tmp/-/tmp-0.0.30.tgz",
      "integrity": "sha1-ckGdSovn1s51FI/YsyTlk6cRwu0=",
      "requires": {
        "os-tmpdir": "~1.0.1"
      }
    },
    "tslib": {
      "version": "1.10.0",
      "resolved": "https://registry.npmjs.org/tslib/-/tslib-1.10.0.tgz",
      "integrity": "sha512-qOebF53frne81cf0S9B41ByenJ3/IuH8yJKngAX35CmiZySA0khhkovshKK+jGCaMnVomla7gVlIcc3EvKPbTQ=="
    },
    "util-deprecate": {
      "version": "1.0.2",
      "resolved": "https://registry.npmjs.org/util-deprecate/-/util-deprecate-1.0.2.tgz",
      "integrity": "sha1-RQ1Nyfpw3nMnYvvS1KKJgUGaDM8="
    },
    "util.promisify": {
      "version": "1.0.0",
      "resolved": "https://registry.npmjs.org/util.promisify/-/util.promisify-1.0.0.tgz",
      "integrity": "sha512-i+6qA2MPhvoKLuxnJNpXAGhg7HphQOSUq2LKMZD0m15EiskXUkMvKdF4Uui0WYeCUGea+o2cw/ZuwehtfsrNkA==",
      "requires": {
        "define-properties": "^1.1.2",
        "object.getownpropertydescriptors": "^2.0.3"
      }
    },
    "wrappy": {
      "version": "1.0.2",
      "resolved": "https://registry.npmjs.org/wrappy/-/wrappy-1.0.2.tgz",
      "integrity": "sha1-tSQ9jz7BqjXxNkYFvA0QNuMKtp8="
    },
    "xml2js": {
      "version": "0.4.22",
      "resolved": "https://registry.npmjs.org/xml2js/-/xml2js-0.4.22.tgz",
      "integrity": "sha512-MWTbxAQqclRSTnehWWe5nMKzI3VmJ8ltiJEco8akcC6j3miOhjjfzKum5sId+CWhfxdOs/1xauYr8/ZDBtQiRw==",
      "requires": {
        "sax": ">=0.6.0",
        "util.promisify": "~1.0.0",
        "xmlbuilder": "~11.0.0"
      }
    },
    "xmlbuilder": {
      "version": "11.0.1",
      "resolved": "https://registry.npmjs.org/xmlbuilder/-/xmlbuilder-11.0.1.tgz",
      "integrity": "sha512-fDlsI/kFEx7gLvbecc0/ohLG50fugQp8ryHzMTuW9vSa1GJ0XYWKnhsUx7oie3G98+r56aTQIUB4kht42R3JvA=="
    }
  }
}
